
Microsoft Visual Studio Solution File, Format Version 12.00
# Visual Studio Version 17
VisualStudioVersion = 17.9.34723.18
MinimumVisualStudioVersion = 10.0.40219.1
Project("{FAE04EC0-301F-11D3-BF4B-00C04F79EFBC}") = "API", "API\API.csproj", "{302021B8-59A7-407F-B5A5-4C48E04ABCC3}"
EndProject
Global
	GlobalSection(SolutionConfigurationPlatforms) = preSolution
		Debug|Any CPU = Debug|Any CPU
		Release|Any CPU = Release|Any CPU
	EndGlobalSection
	GlobalSection(ProjectConfigurationPlatforms) = postSolution
		{302021B8-59A7-407F-B5A5-4C48E04ABCC3}.Debug|Any CPU.ActiveCfg = Debug|Any CPU
		{302021B8-59A7-407F-B5A5-4C48E04ABCC3}.Debug|Any CPU.Build.0 = Debug|Any CPU
		{302021B8-59A7-407F-B5A5-4C48E04ABCC3}.Release|Any CPU.ActiveCfg = Release|Any CPU
		{302021B8-59A7-407F-B5A5-4C48E04ABCC3}.Release|Any CPU.Build.0 = Release|Any CPU
	EndGlobalSection
	GlobalSection(SolutionProperties) = preSolution
		HideSolutionNode = FALSE
	EndGlobalSection
	GlobalSection(ExtensibilityGlobals) = postSolution
		SolutionGuid = {7E9CACC4-0CCB-455E-9C9E-58EA8E58F13D}
	EndGlobalSection
EndGlobal
